# This file is automatically @generated by Cargo.
# It is not intended for manual editing.
version = 3

[[package]]
name = "bytemuck"
version = "1.13.1"
source = "registry+https://github.com/rust-lang/crates.io-index"
checksum = "17febce684fd15d89027105661fec94afb475cb995fbc59d2865198446ba2eea"

[[package]]
name = "light"
version = "0.1.0"
dependencies = [
 "ultraviolet",
]

[[package]]
name = "safe_arch"
version = "0.7.0"
source = "registry+https://github.com/rust-lang/crates.io-index"
checksum = "62a7484307bd40f8f7ccbacccac730108f2cae119a3b11c74485b48aa9ea650f"
dependencies = [
 "bytemuck",
]

[[package]]
name = "ultraviolet"
version = "0.9.1"
source = "registry+https://github.com/rust-lang/crates.io-index"
checksum = "ca0b28b9a6ce66d47e3c5666aa738c5ec5223fcdd4c263f3edc98ab6fef618b3"
dependencies = [
 "wide",
]

[[package]]
name = "wide"
version = "0.7.10"
source = "registry+https://github.com/rust-lang/crates.io-index"
checksum = "40018623e2dba2602a9790faba8d33f2ebdebf4b86561b83928db735f8784728"
dependencies = [
 "bytemuck",
 "safe_arch",
]
